// !$*UTF8*$!
{
	archiveVersion = 1;
	classes = {
	};
	objectVersion = 56;
	objects = {

/* Begin PBXBuildFile section */
		8704C4F22A90CDCE0076BB69 /* WeatherApp.framework in Frameworks */ = {isa = PBXBuildFile; fileRef = 8704C4E92A90CDCE0076BB69 /* WeatherApp.framework */; };
		8704C4F72A90CDCE0076BB69 /* RemoteWeatherFetcherTests.swift in Sources */ = {isa = PBXBuildFile; fileRef = 8704C4F62A90CDCE0076BB69 /* RemoteWeatherFetcherTests.swift */; };
		8704C4F82A90CDCE0076BB69 /* WeatherApp.h in Headers */ = {isa = PBXBuildFile; fileRef = 8704C4EC2A90CDCE0076BB69 /* WeatherApp.h */; settings = {ATTRIBUTES = (Public, ); }; };
		8704C5032A911DEB0076BB69 /* WeatherInformation.swift in Sources */ = {isa = PBXBuildFile; fileRef = 8704C5022A911DEB0076BB69 /* WeatherInformation.swift */; };
		8704C5062A9121250076BB69 /* RemoteWeatherFetcher.swift in Sources */ = {isa = PBXBuildFile; fileRef = 8704C5052A9121250076BB69 /* RemoteWeatherFetcher.swift */; };
		8704C5082A9121F40076BB69 /* HTTPClient.swift in Sources */ = {isa = PBXBuildFile; fileRef = 8704C5072A9121F40076BB69 /* HTTPClient.swift */; };
		8704C50F2A9129C30076BB69 /* WeatherAPIURLRequestBuilder.swift in Sources */ = {isa = PBXBuildFile; fileRef = 8704C50E2A9129C30076BB69 /* WeatherAPIURLRequestBuilder.swift */; };
		8704C5122A91333A0076BB69 /* XCTestCase+Utils.swift in Sources */ = {isa = PBXBuildFile; fileRef = 8704C5112A91333A0076BB69 /* XCTestCase+Utils.swift */; };
		8704C5142A9134D50076BB69 /* WeatherAPIURLRequestBuilderTests.swift in Sources */ = {isa = PBXBuildFile; fileRef = 8704C5132A9134D50076BB69 /* WeatherAPIURLRequestBuilderTests.swift */; };
		8704C5172A9261C80076BB69 /* CurrentWeatherAPIDTO.swift in Sources */ = {isa = PBXBuildFile; fileRef = 8704C5162A9261C80076BB69 /* CurrentWeatherAPIDTO.swift */; };
		8704C5192A926CEE0076BB69 /* ForecastWeatherAPIDTO.swift in Sources */ = {isa = PBXBuildFile; fileRef = 8704C5182A926CEE0076BB69 /* ForecastWeatherAPIDTO.swift */; };
		8704C51C2A926EC20076BB69 /* WeatherInformationTests.swift in Sources */ = {isa = PBXBuildFile; fileRef = 8704C51B2A926EC20076BB69 /* WeatherInformationTests.swift */; };
		8704C51E2A9271800076BB69 /* URLSessionHTTPClientTests.swift in Sources */ = {isa = PBXBuildFile; fileRef = 8704C51D2A9271800076BB69 /* URLSessionHTTPClientTests.swift */; };
		870B6F972A9286C800BE5B87 /* WeatherAppEndToEndTests.swift in Sources */ = {isa = PBXBuildFile; fileRef = 870B6F962A9286C800BE5B87 /* WeatherAppEndToEndTests.swift */; };
		870B6F982A9286C800BE5B87 /* WeatherApp.framework in Frameworks */ = {isa = PBXBuildFile; fileRef = 8704C4E92A90CDCE0076BB69 /* WeatherApp.framework */; };
		870B6F9E2A9287A500BE5B87 /* XCTestCase+Utils.swift in Sources */ = {isa = PBXBuildFile; fileRef = 8704C5112A91333A0076BB69 /* XCTestCase+Utils.swift */; };
		870B6FA12A92AC0500BE5B87 /* ForecastReducer.swift in Sources */ = {isa = PBXBuildFile; fileRef = 870B6FA02A92AC0500BE5B87 /* ForecastReducer.swift */; };
		870B6FA32A92AE4F00BE5B87 /* ForecastReducerTests.swift in Sources */ = {isa = PBXBuildFile; fileRef = 870B6FA22A92AE4F00BE5B87 /* ForecastReducerTests.swift */; };
		870B6FA72A939EB300BE5B87 /* WeatherCache.swift in Sources */ = {isa = PBXBuildFile; fileRef = 870B6FA62A939EB300BE5B87 /* WeatherCache.swift */; };
		870B6FAA2A939FF700BE5B87 /* WeatherStore.swift in Sources */ = {isa = PBXBuildFile; fileRef = 870B6FA92A939FF700BE5B87 /* WeatherStore.swift */; };
		870B6FAC2A93A04700BE5B87 /* CoreDataWeatherStore.swift in Sources */ = {isa = PBXBuildFile; fileRef = 870B6FAB2A93A04700BE5B87 /* CoreDataWeatherStore.swift */; };
		870B6FAF2A93A0B500BE5B87 /* WeatherData.xcdatamodeld in Sources */ = {isa = PBXBuildFile; fileRef = 870B6FAD2A93A0B500BE5B87 /* WeatherData.xcdatamodeld */; };
		870B6FB22A93A35A00BE5B87 /* WeatherCacheTests.swift in Sources */ = {isa = PBXBuildFile; fileRef = 870B6FB12A93A35A00BE5B87 /* WeatherCacheTests.swift */; };
		870B6FB42A93BAAF00BE5B87 /* CoreDataHelpers.swift in Sources */ = {isa = PBXBuildFile; fileRef = 870B6FB32A93BAAF00BE5B87 /* CoreDataHelpers.swift */; };
		870B6FB62A93C33400BE5B87 /* CoreDataWeatherStore+WeatherStore.swift in Sources */ = {isa = PBXBuildFile; fileRef = 870B6FB52A93C33400BE5B87 /* CoreDataWeatherStore+WeatherStore.swift */; };
		874C64692A94F63C00D0185F /* WeatherApp_iOSApp.swift in Sources */ = {isa = PBXBuildFile; fileRef = 874C64682A94F63C00D0185F /* WeatherApp_iOSApp.swift */; };
		874C646B2A94F63C00D0185F /* ContentView.swift in Sources */ = {isa = PBXBuildFile; fileRef = 874C646A2A94F63C00D0185F /* ContentView.swift */; };
		874C646D2A94F63D00D0185F /* Assets.xcassets in Resources */ = {isa = PBXBuildFile; fileRef = 874C646C2A94F63D00D0185F /* Assets.xcassets */; };
		874C64702A94F63D00D0185F /* Preview Assets.xcassets in Resources */ = {isa = PBXBuildFile; fileRef = 874C646F2A94F63D00D0185F /* Preview Assets.xcassets */; };
		874C647A2A94F63D00D0185F /* WeatherViewModelTests.swift in Sources */ = {isa = PBXBuildFile; fileRef = 874C64792A94F63D00D0185F /* WeatherViewModelTests.swift */; };
		874C64842A94F63D00D0185F /* WeatherApp_iOSUITests.swift in Sources */ = {isa = PBXBuildFile; fileRef = 874C64832A94F63D00D0185F /* WeatherApp_iOSUITests.swift */; };
		874C64862A94F63D00D0185F /* WeatherApp_iOSUITestsLaunchTests.swift in Sources */ = {isa = PBXBuildFile; fileRef = 874C64852A94F63D00D0185F /* WeatherApp_iOSUITestsLaunchTests.swift */; };
		874E1B5F2A93D0F4000AE0E4 /* WeatherInformationMO+Mappings.swift in Sources */ = {isa = PBXBuildFile; fileRef = 874E1B5E2A93D0F4000AE0E4 /* WeatherInformationMO+Mappings.swift */; };
		874E1B612A93D659000AE0E4 /* CoreDataWeatherStoreTests.swift in Sources */ = {isa = PBXBuildFile; fileRef = 874E1B602A93D659000AE0E4 /* CoreDataWeatherStoreTests.swift */; };
		874E1B772A93DF4E000AE0E4 /* WeatherAppCacheIntegrationTests.swift in Sources */ = {isa = PBXBuildFile; fileRef = 874E1B762A93DF4E000AE0E4 /* WeatherAppCacheIntegrationTests.swift */; };
		874E1B782A93DF4E000AE0E4 /* WeatherApp.framework in Frameworks */ = {isa = PBXBuildFile; fileRef = 8704C4E92A90CDCE0076BB69 /* WeatherApp.framework */; };
		874E1B7E2A93DFF8000AE0E4 /* XCTestCase+Utils.swift in Sources */ = {isa = PBXBuildFile; fileRef = 8704C5112A91333A0076BB69 /* XCTestCase+Utils.swift */; };
		874E1B802A93F8FB000AE0E4 /* WeatherRepository.swift in Sources */ = {isa = PBXBuildFile; fileRef = 874E1B7F2A93F8FB000AE0E4 /* WeatherRepository.swift */; };
		874E1B822A9405FB000AE0E4 /* WeatherRepositoryTests.swift in Sources */ = {isa = PBXBuildFile; fileRef = 874E1B812A9405FB000AE0E4 /* WeatherRepositoryTests.swift */; };
		874E1B842A9482BE000AE0E4 /* Coordinates.swift in Sources */ = {isa = PBXBuildFile; fileRef = 874E1B832A9482BE000AE0E4 /* Coordinates.swift */; };
		874E1B862A948455000AE0E4 /* CoordinatesTests.swift in Sources */ = {isa = PBXBuildFile; fileRef = 874E1B852A948455000AE0E4 /* CoordinatesTests.swift */; };
		877D49D52A95034800AA41D3 /* WeatherApp.framework in Frameworks */ = {isa = PBXBuildFile; fileRef = 8704C4E92A90CDCE0076BB69 /* WeatherApp.framework */; };
		877D49D62A95034800AA41D3 /* WeatherApp.framework in Embed Frameworks */ = {isa = PBXBuildFile; fileRef = 8704C4E92A90CDCE0076BB69 /* WeatherApp.framework */; settings = {ATTRIBUTES = (CodeSignOnCopy, RemoveHeadersOnCopy, ); }; };
		877D49DC2A950A4E00AA41D3 /* CLLocationManager+Utils.swift in Sources */ = {isa = PBXBuildFile; fileRef = 877D49DB2A950A4E00AA41D3 /* CLLocationManager+Utils.swift */; };
		877D49DE2A950F7D00AA41D3 /* XCTestCase+Utils.swift in Sources */ = {isa = PBXBuildFile; fileRef = 8704C5112A91333A0076BB69 /* XCTestCase+Utils.swift */; };
		877D49E02A9517CC00AA41D3 /* WeatherViewModel.swift in Sources */ = {isa = PBXBuildFile; fileRef = 877D49DF2A9517CC00AA41D3 /* WeatherViewModel.swift */; };
		877D49E22A95188000AA41D3 /* MockLocationManager.swift in Sources */ = {isa = PBXBuildFile; fileRef = 877D49E12A95188000AA41D3 /* MockLocationManager.swift */; };
/* End PBXBuildFile section */

/* Begin PBXContainerItemProxy section */
		8704C4F32A90CDCE0076BB69 /* PBXContainerItemProxy */ = {
			isa = PBXContainerItemProxy;
			containerPortal = 8704C4E02A90CDCE0076BB69 /* Project object */;
			proxyType = 1;
			remoteGlobalIDString = 8704C4E82A90CDCE0076BB69;
			remoteInfo = WeatherApp;
		};
		870B6F992A9286C800BE5B87 /* PBXContainerItemProxy */ = {
			isa = PBXContainerItemProxy;
			containerPortal = 8704C4E02A90CDCE0076BB69 /* Project object */;
			proxyType = 1;
			remoteGlobalIDString = 8704C4E82A90CDCE0076BB69;
			remoteInfo = WeatherApp;
		};
		874C64762A94F63D00D0185F /* PBXContainerItemProxy */ = {
			isa = PBXContainerItemProxy;
			containerPortal = 8704C4E02A90CDCE0076BB69 /* Project object */;
			proxyType = 1;
			remoteGlobalIDString = 874C64652A94F63C00D0185F;
			remoteInfo = "WeatherApp-iOS";
		};
		874C64802A94F63D00D0185F /* PBXContainerItemProxy */ = {
			isa = PBXContainerItemProxy;
			containerPortal = 8704C4E02A90CDCE0076BB69 /* Project object */;
			proxyType = 1;
			remoteGlobalIDString = 874C64652A94F63C00D0185F;
			remoteInfo = "WeatherApp-iOS";
		};
		874C64932A94FBA000D0185F /* PBXContainerItemProxy */ = {
			isa = PBXContainerItemProxy;
			containerPortal = 8704C4E02A90CDCE0076BB69 /* Project object */;
			proxyType = 1;
			remoteGlobalIDString = 8704C4E82A90CDCE0076BB69;
			remoteInfo = WeatherApp;
		};
		874E1B792A93DF4E000AE0E4 /* PBXContainerItemProxy */ = {
			isa = PBXContainerItemProxy;
			containerPortal = 8704C4E02A90CDCE0076BB69 /* Project object */;
			proxyType = 1;
			remoteGlobalIDString = 8704C4E82A90CDCE0076BB69;
			remoteInfo = WeatherApp;
		};
/* End PBXContainerItemProxy section */

/* Begin PBXCopyFilesBuildPhase section */
		877D49D72A95034800AA41D3 /* Embed Frameworks */ = {
			isa = PBXCopyFilesBuildPhase;
			buildActionMask = 2147483647;
			dstPath = "";
			dstSubfolderSpec = 10;
			files = (
				877D49D62A95034800AA41D3 /* WeatherApp.framework in Embed Frameworks */,
			);
			name = "Embed Frameworks";
			runOnlyForDeploymentPostprocessing = 0;
		};
/* End PBXCopyFilesBuildPhase section */

/* Begin PBXFileReference section */
		8704C4E92A90CDCE0076BB69 /* WeatherApp.framework */ = {isa = PBXFileReference; explicitFileType = wrapper.framework; includeInIndex = 0; path = WeatherApp.framework; sourceTree = BUILT_PRODUCTS_DIR; };
		8704C4EC2A90CDCE0076BB69 /* WeatherApp.h */ = {isa = PBXFileReference; lastKnownFileType = sourcecode.c.h; path = WeatherApp.h; sourceTree = "<group>"; };
		8704C4F12A90CDCE0076BB69 /* WeatherAppTests.xctest */ = {isa = PBXFileReference; explicitFileType = wrapper.cfbundle; includeInIndex = 0; path = WeatherAppTests.xctest; sourceTree = BUILT_PRODUCTS_DIR; };
		8704C4F62A90CDCE0076BB69 /* RemoteWeatherFetcherTests.swift */ = {isa = PBXFileReference; lastKnownFileType = sourcecode.swift; path = RemoteWeatherFetcherTests.swift; sourceTree = "<group>"; };
		8704C5022A911DEB0076BB69 /* WeatherInformation.swift */ = {isa = PBXFileReference; lastKnownFileType = sourcecode.swift; path = WeatherInformation.swift; sourceTree = "<group>"; };
		8704C5052A9121250076BB69 /* RemoteWeatherFetcher.swift */ = {isa = PBXFileReference; lastKnownFileType = sourcecode.swift; path = RemoteWeatherFetcher.swift; sourceTree = "<group>"; };
		8704C5072A9121F40076BB69 /* HTTPClient.swift */ = {isa = PBXFileReference; lastKnownFileType = sourcecode.swift; path = HTTPClient.swift; sourceTree = "<group>"; };
		8704C50E2A9129C30076BB69 /* WeatherAPIURLRequestBuilder.swift */ = {isa = PBXFileReference; lastKnownFileType = sourcecode.swift; path = WeatherAPIURLRequestBuilder.swift; sourceTree = "<group>"; };
		8704C5112A91333A0076BB69 /* XCTestCase+Utils.swift */ = {isa = PBXFileReference; fileEncoding = 4; lastKnownFileType = sourcecode.swift; path = "XCTestCase+Utils.swift"; sourceTree = "<group>"; };
		8704C5132A9134D50076BB69 /* WeatherAPIURLRequestBuilderTests.swift */ = {isa = PBXFileReference; lastKnownFileType = sourcecode.swift; path = WeatherAPIURLRequestBuilderTests.swift; sourceTree = "<group>"; };
		8704C5162A9261C80076BB69 /* CurrentWeatherAPIDTO.swift */ = {isa = PBXFileReference; lastKnownFileType = sourcecode.swift; path = CurrentWeatherAPIDTO.swift; sourceTree = "<group>"; };
		8704C5182A926CEE0076BB69 /* ForecastWeatherAPIDTO.swift */ = {isa = PBXFileReference; lastKnownFileType = sourcecode.swift; path = ForecastWeatherAPIDTO.swift; sourceTree = "<group>"; };
		8704C51B2A926EC20076BB69 /* WeatherInformationTests.swift */ = {isa = PBXFileReference; lastKnownFileType = sourcecode.swift; path = WeatherInformationTests.swift; sourceTree = "<group>"; };
		8704C51D2A9271800076BB69 /* URLSessionHTTPClientTests.swift */ = {isa = PBXFileReference; lastKnownFileType = sourcecode.swift; path = URLSessionHTTPClientTests.swift; sourceTree = "<group>"; };
		870B6F942A9286C800BE5B87 /* WeatherAppEndToEndTests.xctest */ = {isa = PBXFileReference; explicitFileType = wrapper.cfbundle; includeInIndex = 0; path = WeatherAppEndToEndTests.xctest; sourceTree = BUILT_PRODUCTS_DIR; };
		870B6F962A9286C800BE5B87 /* WeatherAppEndToEndTests.swift */ = {isa = PBXFileReference; lastKnownFileType = sourcecode.swift; path = WeatherAppEndToEndTests.swift; sourceTree = "<group>"; };
		870B6F9F2A9288B700BE5B87 /* CI.xctestplan */ = {isa = PBXFileReference; lastKnownFileType = text; path = CI.xctestplan; sourceTree = "<group>"; };
		870B6FA02A92AC0500BE5B87 /* ForecastReducer.swift */ = {isa = PBXFileReference; lastKnownFileType = sourcecode.swift; path = ForecastReducer.swift; sourceTree = "<group>"; };
		870B6FA22A92AE4F00BE5B87 /* ForecastReducerTests.swift */ = {isa = PBXFileReference; lastKnownFileType = sourcecode.swift; path = ForecastReducerTests.swift; sourceTree = "<group>"; };
		870B6FA62A939EB300BE5B87 /* WeatherCache.swift */ = {isa = PBXFileReference; lastKnownFileType = sourcecode.swift; path = WeatherCache.swift; sourceTree = "<group>"; };
		870B6FA92A939FF700BE5B87 /* WeatherStore.swift */ = {isa = PBXFileReference; lastKnownFileType = sourcecode.swift; path = WeatherStore.swift; sourceTree = "<group>"; };
		870B6FAB2A93A04700BE5B87 /* CoreDataWeatherStore.swift */ = {isa = PBXFileReference; lastKnownFileType = sourcecode.swift; path = CoreDataWeatherStore.swift; sourceTree = "<group>"; };
		870B6FAE2A93A0B500BE5B87 /* WeatherData.xcdatamodel */ = {isa = PBXFileReference; lastKnownFileType = wrapper.xcdatamodel; path = WeatherData.xcdatamodel; sourceTree = "<group>"; };
		870B6FB12A93A35A00BE5B87 /* WeatherCacheTests.swift */ = {isa = PBXFileReference; lastKnownFileType = sourcecode.swift; path = WeatherCacheTests.swift; sourceTree = "<group>"; };
		870B6FB32A93BAAF00BE5B87 /* CoreDataHelpers.swift */ = {isa = PBXFileReference; lastKnownFileType = sourcecode.swift; path = CoreDataHelpers.swift; sourceTree = "<group>"; };
		870B6FB52A93C33400BE5B87 /* CoreDataWeatherStore+WeatherStore.swift */ = {isa = PBXFileReference; lastKnownFileType = sourcecode.swift; path = "CoreDataWeatherStore+WeatherStore.swift"; sourceTree = "<group>"; };
		874C64662A94F63C00D0185F /* WeatherApp-iOS.app */ = {isa = PBXFileReference; explicitFileType = wrapper.application; includeInIndex = 0; path = "WeatherApp-iOS.app"; sourceTree = BUILT_PRODUCTS_DIR; };
		874C64682A94F63C00D0185F /* WeatherApp_iOSApp.swift */ = {isa = PBXFileReference; lastKnownFileType = sourcecode.swift; path = WeatherApp_iOSApp.swift; sourceTree = "<group>"; };
		874C646A2A94F63C00D0185F /* ContentView.swift */ = {isa = PBXFileReference; lastKnownFileType = sourcecode.swift; path = ContentView.swift; sourceTree = "<group>"; };
		874C646C2A94F63D00D0185F /* Assets.xcassets */ = {isa = PBXFileReference; lastKnownFileType = folder.assetcatalog; path = Assets.xcassets; sourceTree = "<group>"; };
		874C646F2A94F63D00D0185F /* Preview Assets.xcassets */ = {isa = PBXFileReference; lastKnownFileType = folder.assetcatalog; path = "Preview Assets.xcassets"; sourceTree = "<group>"; };
		874C64752A94F63D00D0185F /* WeatherApp-iOSTests.xctest */ = {isa = PBXFileReference; explicitFileType = wrapper.cfbundle; includeInIndex = 0; path = "WeatherApp-iOSTests.xctest"; sourceTree = BUILT_PRODUCTS_DIR; };
		874C64792A94F63D00D0185F /* WeatherViewModelTests.swift */ = {isa = PBXFileReference; lastKnownFileType = sourcecode.swift; path = WeatherViewModelTests.swift; sourceTree = "<group>"; };
		874C647F2A94F63D00D0185F /* WeatherApp-iOSUITests.xctest */ = {isa = PBXFileReference; explicitFileType = wrapper.cfbundle; includeInIndex = 0; path = "WeatherApp-iOSUITests.xctest"; sourceTree = BUILT_PRODUCTS_DIR; };
		874C64832A94F63D00D0185F /* WeatherApp_iOSUITests.swift */ = {isa = PBXFileReference; lastKnownFileType = sourcecode.swift; path = WeatherApp_iOSUITests.swift; sourceTree = "<group>"; };
		874C64852A94F63D00D0185F /* WeatherApp_iOSUITestsLaunchTests.swift */ = {isa = PBXFileReference; lastKnownFileType = sourcecode.swift; path = WeatherApp_iOSUITestsLaunchTests.swift; sourceTree = "<group>"; };
		874E1B5E2A93D0F4000AE0E4 /* WeatherInformationMO+Mappings.swift */ = {isa = PBXFileReference; lastKnownFileType = sourcecode.swift; path = "WeatherInformationMO+Mappings.swift"; sourceTree = "<group>"; };
		874E1B602A93D659000AE0E4 /* CoreDataWeatherStoreTests.swift */ = {isa = PBXFileReference; lastKnownFileType = sourcecode.swift; path = CoreDataWeatherStoreTests.swift; sourceTree = "<group>"; };
		874E1B742A93DF4E000AE0E4 /* WeatherAppCacheIntegrationTests.xctest */ = {isa = PBXFileReference; explicitFileType = wrapper.cfbundle; includeInIndex = 0; path = WeatherAppCacheIntegrationTests.xctest; sourceTree = BUILT_PRODUCTS_DIR; };
		874E1B762A93DF4E000AE0E4 /* WeatherAppCacheIntegrationTests.swift */ = {isa = PBXFileReference; lastKnownFileType = sourcecode.swift; path = WeatherAppCacheIntegrationTests.swift; sourceTree = "<group>"; };
		874E1B7F2A93F8FB000AE0E4 /* WeatherRepository.swift */ = {isa = PBXFileReference; lastKnownFileType = sourcecode.swift; path = WeatherRepository.swift; sourceTree = "<group>"; };
		874E1B812A9405FB000AE0E4 /* WeatherRepositoryTests.swift */ = {isa = PBXFileReference; lastKnownFileType = sourcecode.swift; path = WeatherRepositoryTests.swift; sourceTree = "<group>"; };
		874E1B832A9482BE000AE0E4 /* Coordinates.swift */ = {isa = PBXFileReference; lastKnownFileType = sourcecode.swift; path = Coordinates.swift; sourceTree = "<group>"; };
		874E1B852A948455000AE0E4 /* CoordinatesTests.swift */ = {isa = PBXFileReference; lastKnownFileType = sourcecode.swift; path = CoordinatesTests.swift; sourceTree = "<group>"; };
		877D49DB2A950A4E00AA41D3 /* CLLocationManager+Utils.swift */ = {isa = PBXFileReference; lastKnownFileType = sourcecode.swift; path = "CLLocationManager+Utils.swift"; sourceTree = "<group>"; };
		877D49DF2A9517CC00AA41D3 /* WeatherViewModel.swift */ = {isa = PBXFileReference; lastKnownFileType = sourcecode.swift; path = WeatherViewModel.swift; sourceTree = "<group>"; };
		877D49E12A95188000AA41D3 /* MockLocationManager.swift */ = {isa = PBXFileReference; lastKnownFileType = sourcecode.swift; path = MockLocationManager.swift; sourceTree = "<group>"; };
/* End PBXFileReference section */

/* Begin PBXFrameworksBuildPhase section */
		8704C4E62A90CDCE0076BB69 /* Frameworks */ = {
			isa = PBXFrameworksBuildPhase;
			buildActionMask = 2147483647;
			files = (
			);
			runOnlyForDeploymentPostprocessing = 0;
		};
		8704C4EE2A90CDCE0076BB69 /* Frameworks */ = {
			isa = PBXFrameworksBuildPhase;
			buildActionMask = 2147483647;
			files = (
				8704C4F22A90CDCE0076BB69 /* WeatherApp.framework in Frameworks */,
			);
			runOnlyForDeploymentPostprocessing = 0;
		};
		870B6F912A9286C800BE5B87 /* Frameworks */ = {
			isa = PBXFrameworksBuildPhase;
			buildActionMask = 2147483647;
			files = (
				870B6F982A9286C800BE5B87 /* WeatherApp.framework in Frameworks */,
			);
			runOnlyForDeploymentPostprocessing = 0;
		};
		874C64632A94F63C00D0185F /* Frameworks */ = {
			isa = PBXFrameworksBuildPhase;
			buildActionMask = 2147483647;
			files = (
				877D49D52A95034800AA41D3 /* WeatherApp.framework in Frameworks */,
			);
			runOnlyForDeploymentPostprocessing = 0;
		};
		874C64722A94F63D00D0185F /* Frameworks */ = {
			isa = PBXFrameworksBuildPhase;
			buildActionMask = 2147483647;
			files = (
			);
			runOnlyForDeploymentPostprocessing = 0;
		};
		874C647C2A94F63D00D0185F /* Frameworks */ = {
			isa = PBXFrameworksBuildPhase;
			buildActionMask = 2147483647;
			files = (
			);
			runOnlyForDeploymentPostprocessing = 0;
		};
		874E1B712A93DF4E000AE0E4 /* Frameworks */ = {
			isa = PBXFrameworksBuildPhase;
			buildActionMask = 2147483647;
			files = (
				874E1B782A93DF4E000AE0E4 /* WeatherApp.framework in Frameworks */,
			);
			runOnlyForDeploymentPostprocessing = 0;
		};
/* End PBXFrameworksBuildPhase section */

/* Begin PBXGroup section */
		8704C4DF2A90CDCE0076BB69 = {
			isa = PBXGroup;
			children = (
				870B6F9F2A9288B700BE5B87 /* CI.xctestplan */,
				8704C4EB2A90CDCE0076BB69 /* WeatherApp */,
				8704C4F52A90CDCE0076BB69 /* WeatherAppTests */,
				870B6F952A9286C800BE5B87 /* WeatherAppEndToEndTests */,
				874E1B752A93DF4E000AE0E4 /* WeatherAppCacheIntegrationTests */,
				874C64672A94F63C00D0185F /* WeatherApp-iOS */,
				874C64782A94F63D00D0185F /* WeatherApp-iOSTests */,
				874C64822A94F63D00D0185F /* WeatherApp-iOSUITests */,
				8704C4EA2A90CDCE0076BB69 /* Products */,
				874C64902A94FBA000D0185F /* Frameworks */,
			);
			sourceTree = "<group>";
		};
		8704C4EA2A90CDCE0076BB69 /* Products */ = {
			isa = PBXGroup;
			children = (
				8704C4E92A90CDCE0076BB69 /* WeatherApp.framework */,
				8704C4F12A90CDCE0076BB69 /* WeatherAppTests.xctest */,
				870B6F942A9286C800BE5B87 /* WeatherAppEndToEndTests.xctest */,
				874E1B742A93DF4E000AE0E4 /* WeatherAppCacheIntegrationTests.xctest */,
				874C64662A94F63C00D0185F /* WeatherApp-iOS.app */,
				874C64752A94F63D00D0185F /* WeatherApp-iOSTests.xctest */,
				874C647F2A94F63D00D0185F /* WeatherApp-iOSUITests.xctest */,
			);
			name = Products;
			sourceTree = "<group>";
		};
		8704C4EB2A90CDCE0076BB69 /* WeatherApp */ = {
			isa = PBXGroup;
			children = (
				8704C4EC2A90CDCE0076BB69 /* WeatherApp.h */,
				8704C5042A9121100076BB69 /* Data */,
				8704C5012A911DCD0076BB69 /* Models */,
			);
			path = WeatherApp;
			sourceTree = "<group>";
		};
		8704C4F52A90CDCE0076BB69 /* WeatherAppTests */ = {
			isa = PBXGroup;
			children = (
				8704C50A2A91237F0076BB69 /* Helpers */,
				8704C5092A91228C0076BB69 /* Data */,
				8704C51A2A926DCE0076BB69 /* Models */,
			);
			path = WeatherAppTests;
			sourceTree = "<group>";
		};
		8704C5012A911DCD0076BB69 /* Models */ = {
			isa = PBXGroup;
			children = (
				8704C5022A911DEB0076BB69 /* WeatherInformation.swift */,
				874E1B832A9482BE000AE0E4 /* Coordinates.swift */,
			);
			path = Models;
			sourceTree = "<group>";
		};
		8704C5042A9121100076BB69 /* Data */ = {
			isa = PBXGroup;
			children = (
				8704C5052A9121250076BB69 /* RemoteWeatherFetcher.swift */,
				870B6FA02A92AC0500BE5B87 /* ForecastReducer.swift */,
				874E1B7F2A93F8FB000AE0E4 /* WeatherRepository.swift */,
				8704C5152A9261AE0076BB69 /* DTO */,
				870B6FA52A93920300BE5B87 /* Cache */,
				8704C50D2A9127330076BB69 /* Network */,
			);
			path = Data;
			sourceTree = "<group>";
		};
		8704C5092A91228C0076BB69 /* Data */ = {
			isa = PBXGroup;
			children = (
				8704C4F62A90CDCE0076BB69 /* RemoteWeatherFetcherTests.swift */,
				870B6FA22A92AE4F00BE5B87 /* ForecastReducerTests.swift */,
				874E1B812A9405FB000AE0E4 /* WeatherRepositoryTests.swift */,
				870B6FB02A93A33300BE5B87 /* Cache */,
				8704C5102A912F150076BB69 /* Network */,
			);
			path = Data;
			sourceTree = "<group>";
		};
		8704C50A2A91237F0076BB69 /* Helpers */ = {
			isa = PBXGroup;
			children = (
				8704C5112A91333A0076BB69 /* XCTestCase+Utils.swift */,
			);
			path = Helpers;
			sourceTree = "<group>";
		};
		8704C50D2A9127330076BB69 /* Network */ = {
			isa = PBXGroup;
			children = (
				8704C5072A9121F40076BB69 /* HTTPClient.swift */,
				8704C50E2A9129C30076BB69 /* WeatherAPIURLRequestBuilder.swift */,
			);
			path = Network;
			sourceTree = "<group>";
		};
		8704C5102A912F150076BB69 /* Network */ = {
			isa = PBXGroup;
			children = (
				8704C51D2A9271800076BB69 /* URLSessionHTTPClientTests.swift */,
				8704C5132A9134D50076BB69 /* WeatherAPIURLRequestBuilderTests.swift */,
			);
			path = Network;
			sourceTree = "<group>";
		};
		8704C5152A9261AE0076BB69 /* DTO */ = {
			isa = PBXGroup;
			children = (
				8704C5162A9261C80076BB69 /* CurrentWeatherAPIDTO.swift */,
				8704C5182A926CEE0076BB69 /* ForecastWeatherAPIDTO.swift */,
			);
			path = DTO;
			sourceTree = "<group>";
		};
		8704C51A2A926DCE0076BB69 /* Models */ = {
			isa = PBXGroup;
			children = (
				874E1B852A948455000AE0E4 /* CoordinatesTests.swift */,
				8704C51B2A926EC20076BB69 /* WeatherInformationTests.swift */,
			);
			path = Models;
			sourceTree = "<group>";
		};
		870B6F952A9286C800BE5B87 /* WeatherAppEndToEndTests */ = {
			isa = PBXGroup;
			children = (
				870B6F962A9286C800BE5B87 /* WeatherAppEndToEndTests.swift */,
			);
			path = WeatherAppEndToEndTests;
			sourceTree = "<group>";
		};
		870B6FA52A93920300BE5B87 /* Cache */ = {
			isa = PBXGroup;
			children = (
				870B6FA82A939F6300BE5B87 /* CoreData */,
				870B6FA62A939EB300BE5B87 /* WeatherCache.swift */,
				870B6FA92A939FF700BE5B87 /* WeatherStore.swift */,
			);
			path = Cache;
			sourceTree = "<group>";
		};
		870B6FA82A939F6300BE5B87 /* CoreData */ = {
			isa = PBXGroup;
			children = (
				870B6FAB2A93A04700BE5B87 /* CoreDataWeatherStore.swift */,
				870B6FB52A93C33400BE5B87 /* CoreDataWeatherStore+WeatherStore.swift */,
				870B6FB32A93BAAF00BE5B87 /* CoreDataHelpers.swift */,
				874E1B5E2A93D0F4000AE0E4 /* WeatherInformationMO+Mappings.swift */,
				870B6FAD2A93A0B500BE5B87 /* WeatherData.xcdatamodeld */,
			);
			path = CoreData;
			sourceTree = "<group>";
		};
		870B6FB02A93A33300BE5B87 /* Cache */ = {
			isa = PBXGroup;
			children = (
				870B6FB12A93A35A00BE5B87 /* WeatherCacheTests.swift */,
				874E1B602A93D659000AE0E4 /* CoreDataWeatherStoreTests.swift */,
			);
			path = Cache;
			sourceTree = "<group>";
		};
		874C64672A94F63C00D0185F /* WeatherApp-iOS */ = {
			isa = PBXGroup;
			children = (
				874C64682A94F63C00D0185F /* WeatherApp_iOSApp.swift */,
				877D49D82A9509A200AA41D3 /* Views */,
				877D49D92A950A1000AA41D3 /* ViewModels */,
				877D49DA2A950A2B00AA41D3 /* Helpers */,
				874C646C2A94F63D00D0185F /* Assets.xcassets */,
				874C646E2A94F63D00D0185F /* Preview Content */,
			);
			path = "WeatherApp-iOS";
			sourceTree = "<group>";
		};
		874C646E2A94F63D00D0185F /* Preview Content */ = {
			isa = PBXGroup;
			children = (
				874C646F2A94F63D00D0185F /* Preview Assets.xcassets */,
				877D49E12A95188000AA41D3 /* MockLocationManager.swift */,
			);
			path = "Preview Content";
			sourceTree = "<group>";
		};
		874C64782A94F63D00D0185F /* WeatherApp-iOSTests */ = {
			isa = PBXGroup;
			children = (
				877D49DD2A950B9300AA41D3 /* ViewModels */,
			);
			path = "WeatherApp-iOSTests";
			sourceTree = "<group>";
		};
		874C64822A94F63D00D0185F /* WeatherApp-iOSUITests */ = {
			isa = PBXGroup;
			children = (
				874C64832A94F63D00D0185F /* WeatherApp_iOSUITests.swift */,
				874C64852A94F63D00D0185F /* WeatherApp_iOSUITestsLaunchTests.swift */,
			);
			path = "WeatherApp-iOSUITests";
			sourceTree = "<group>";
		};
		874C64902A94FBA000D0185F /* Frameworks */ = {
			isa = PBXGroup;
			children = (
			);
			name = Frameworks;
			sourceTree = "<group>";
		};
		874E1B752A93DF4E000AE0E4 /* WeatherAppCacheIntegrationTests */ = {
			isa = PBXGroup;
			children = (
				874E1B762A93DF4E000AE0E4 /* WeatherAppCacheIntegrationTests.swift */,
			);
			path = WeatherAppCacheIntegrationTests;
			sourceTree = "<group>";
		};
		877D49D82A9509A200AA41D3 /* Views */ = {
			isa = PBXGroup;
			children = (
				874C646A2A94F63C00D0185F /* ContentView.swift */,
			);
			path = Views;
			sourceTree = "<group>";
		};
		877D49D92A950A1000AA41D3 /* ViewModels */ = {
			isa = PBXGroup;
			children = (
				877D49DF2A9517CC00AA41D3 /* WeatherViewModel.swift */,
			);
			path = ViewModels;
			sourceTree = "<group>";
		};
		877D49DA2A950A2B00AA41D3 /* Helpers */ = {
			isa = PBXGroup;
			children = (
				877D49DB2A950A4E00AA41D3 /* CLLocationManager+Utils.swift */,
			);
			path = Helpers;
			sourceTree = "<group>";
		};
		877D49DD2A950B9300AA41D3 /* ViewModels */ = {
			isa = PBXGroup;
			children = (
				874C64792A94F63D00D0185F /* WeatherViewModelTests.swift */,
			);
			path = ViewModels;
			sourceTree = "<group>";
		};
/* End PBXGroup section */

/* Begin PBXHeadersBuildPhase section */
		8704C4E42A90CDCE0076BB69 /* Headers */ = {
			isa = PBXHeadersBuildPhase;
			buildActionMask = 2147483647;
			files = (
				8704C4F82A90CDCE0076BB69 /* WeatherApp.h in Headers */,
			);
			runOnlyForDeploymentPostprocessing = 0;
		};
/* End PBXHeadersBuildPhase section */

/* Begin PBXNativeTarget section */
		8704C4E82A90CDCE0076BB69 /* WeatherApp */ = {
			isa = PBXNativeTarget;
			buildConfigurationList = 8704C4FB2A90CDCE0076BB69 /* Build configuration list for PBXNativeTarget "WeatherApp" */;
			buildPhases = (
				8704C4E42A90CDCE0076BB69 /* Headers */,
				8704C4E52A90CDCE0076BB69 /* Sources */,
				8704C4E62A90CDCE0076BB69 /* Frameworks */,
				8704C4E72A90CDCE0076BB69 /* Resources */,
			);
			buildRules = (
			);
			dependencies = (
			);
			name = WeatherApp;
			productName = WeatherApp;
			productReference = 8704C4E92A90CDCE0076BB69 /* WeatherApp.framework */;
			productType = "com.apple.product-type.framework";
		};
		8704C4F02A90CDCE0076BB69 /* WeatherAppTests */ = {
			isa = PBXNativeTarget;
			buildConfigurationList = 8704C4FE2A90CDCE0076BB69 /* Build configuration list for PBXNativeTarget "WeatherAppTests" */;
			buildPhases = (
				8704C4ED2A90CDCE0076BB69 /* Sources */,
				8704C4EE2A90CDCE0076BB69 /* Frameworks */,
				8704C4EF2A90CDCE0076BB69 /* Resources */,
			);
			buildRules = (
			);
			dependencies = (
				8704C4F42A90CDCE0076BB69 /* PBXTargetDependency */,
			);
			name = WeatherAppTests;
			productName = WeatherAppTests;
			productReference = 8704C4F12A90CDCE0076BB69 /* WeatherAppTests.xctest */;
			productType = "com.apple.product-type.bundle.unit-test";
		};
		870B6F932A9286C800BE5B87 /* WeatherAppEndToEndTests */ = {
			isa = PBXNativeTarget;
			buildConfigurationList = 870B6F9D2A9286C800BE5B87 /* Build configuration list for PBXNativeTarget "WeatherAppEndToEndTests" */;
			buildPhases = (
				870B6F902A9286C800BE5B87 /* Sources */,
				870B6F912A9286C800BE5B87 /* Frameworks */,
				870B6F922A9286C800BE5B87 /* Resources */,
			);
			buildRules = (
			);
			dependencies = (
				870B6F9A2A9286C800BE5B87 /* PBXTargetDependency */,
			);
			name = WeatherAppEndToEndTests;
			productName = WeatherAppEndToEndTests;
			productReference = 870B6F942A9286C800BE5B87 /* WeatherAppEndToEndTests.xctest */;
			productType = "com.apple.product-type.bundle.unit-test";
		};
		874C64652A94F63C00D0185F /* WeatherApp-iOS */ = {
			isa = PBXNativeTarget;
			buildConfigurationList = 874C648D2A94F63D00D0185F /* Build configuration list for PBXNativeTarget "WeatherApp-iOS" */;
			buildPhases = (
				874C64622A94F63C00D0185F /* Sources */,
				874C64632A94F63C00D0185F /* Frameworks */,
				874C64642A94F63C00D0185F /* Resources */,
				877D49D72A95034800AA41D3 /* Embed Frameworks */,
			);
			buildRules = (
			);
			dependencies = (
				874C64942A94FBA000D0185F /* PBXTargetDependency */,
			);
			name = "WeatherApp-iOS";
			productName = "WeatherApp-iOS";
			productReference = 874C64662A94F63C00D0185F /* WeatherApp-iOS.app */;
			productType = "com.apple.product-type.application";
		};
		874C64742A94F63D00D0185F /* WeatherApp-iOSTests */ = {
			isa = PBXNativeTarget;
			buildConfigurationList = 874C648E2A94F63D00D0185F /* Build configuration list for PBXNativeTarget "WeatherApp-iOSTests" */;
			buildPhases = (
				874C64712A94F63D00D0185F /* Sources */,
				874C64722A94F63D00D0185F /* Frameworks */,
				874C64732A94F63D00D0185F /* Resources */,
			);
			buildRules = (
			);
			dependencies = (
				874C64772A94F63D00D0185F /* PBXTargetDependency */,
			);
			name = "WeatherApp-iOSTests";
			productName = "WeatherApp-iOSTests";
			productReference = 874C64752A94F63D00D0185F /* WeatherApp-iOSTests.xctest */;
			productType = "com.apple.product-type.bundle.unit-test";
		};
		874C647E2A94F63D00D0185F /* WeatherApp-iOSUITests */ = {
			isa = PBXNativeTarget;
			buildConfigurationList = 874C648F2A94F63D00D0185F /* Build configuration list for PBXNativeTarget "WeatherApp-iOSUITests" */;
			buildPhases = (
				874C647B2A94F63D00D0185F /* Sources */,
				874C647C2A94F63D00D0185F /* Frameworks */,
				874C647D2A94F63D00D0185F /* Resources */,
			);
			buildRules = (
			);
			dependencies = (
				874C64812A94F63D00D0185F /* PBXTargetDependency */,
			);
			name = "WeatherApp-iOSUITests";
			productName = "WeatherApp-iOSUITests";
			productReference = 874C647F2A94F63D00D0185F /* WeatherApp-iOSUITests.xctest */;
			productType = "com.apple.product-type.bundle.ui-testing";
		};
		874E1B732A93DF4E000AE0E4 /* WeatherAppCacheIntegrationTests */ = {
			isa = PBXNativeTarget;
			buildConfigurationList = 874E1B7B2A93DF4E000AE0E4 /* Build configuration list for PBXNativeTarget "WeatherAppCacheIntegrationTests" */;
			buildPhases = (
				874E1B702A93DF4E000AE0E4 /* Sources */,
				874E1B712A93DF4E000AE0E4 /* Frameworks */,
				874E1B722A93DF4E000AE0E4 /* Resources */,
			);
			buildRules = (
			);
			dependencies = (
				874E1B7A2A93DF4E000AE0E4 /* PBXTargetDependency */,
			);
			name = WeatherAppCacheIntegrationTests;
			productName = WeatherAppCacheIntegrationTests;
			productReference = 874E1B742A93DF4E000AE0E4 /* WeatherAppCacheIntegrationTests.xctest */;
			productType = "com.apple.product-type.bundle.unit-test";
		};
/* End PBXNativeTarget section */

/* Begin PBXProject section */
		8704C4E02A90CDCE0076BB69 /* Project object */ = {
			isa = PBXProject;
			attributes = {
				BuildIndependentTargetsInParallel = 1;
				LastSwiftUpdateCheck = 1430;
				LastUpgradeCheck = 1430;
				TargetAttributes = {
					8704C4E82A90CDCE0076BB69 = {
						CreatedOnToolsVersion = 14.3.1;
						LastSwiftMigration = 1430;
					};
					8704C4F02A90CDCE0076BB69 = {
						CreatedOnToolsVersion = 14.3.1;
					};
					870B6F932A9286C800BE5B87 = {
						CreatedOnToolsVersion = 14.3.1;
					};
					874C64652A94F63C00D0185F = {
						CreatedOnToolsVersion = 14.3.1;
					};
					874C64742A94F63D00D0185F = {
						CreatedOnToolsVersion = 14.3.1;
						TestTargetID = 874C64652A94F63C00D0185F;
					};
					874C647E2A94F63D00D0185F = {
						CreatedOnToolsVersion = 14.3.1;
						TestTargetID = 874C64652A94F63C00D0185F;
					};
					874E1B732A93DF4E000AE0E4 = {
						CreatedOnToolsVersion = 14.3.1;
					};
				};
			};
			buildConfigurationList = 8704C4E32A90CDCE0076BB69 /* Build configuration list for PBXProject "WeatherApp" */;
			compatibilityVersion = "Xcode 14.0";
			developmentRegion = en;
			hasScannedForEncodings = 0;
			knownRegions = (
				en,
				Base,
			);
			mainGroup = 8704C4DF2A90CDCE0076BB69;
			productRefGroup = 8704C4EA2A90CDCE0076BB69 /* Products */;
			projectDirPath = "";
			projectRoot = "";
			targets = (
				8704C4E82A90CDCE0076BB69 /* WeatherApp */,
				8704C4F02A90CDCE0076BB69 /* WeatherAppTests */,
				870B6F932A9286C800BE5B87 /* WeatherAppEndToEndTests */,
				874E1B732A93DF4E000AE0E4 /* WeatherAppCacheIntegrationTests */,
				874C64652A94F63C00D0185F /* WeatherApp-iOS */,
				874C64742A94F63D00D0185F /* WeatherApp-iOSTests */,
				874C647E2A94F63D00D0185F /* WeatherApp-iOSUITests */,
			);
		};
/* End PBXProject section */

/* Begin PBXResourcesBuildPhase section */
		8704C4E72A90CDCE0076BB69 /* Resources */ = {
			isa = PBXResourcesBuildPhase;
			buildActionMask = 2147483647;
			files = (
			);
			runOnlyForDeploymentPostprocessing = 0;
		};
		8704C4EF2A90CDCE0076BB69 /* Resources */ = {
			isa = PBXResourcesBuildPhase;
			buildActionMask = 2147483647;
			files = (
			);
			runOnlyForDeploymentPostprocessing = 0;
		};
		870B6F922A9286C800BE5B87 /* Resources */ = {
			isa = PBXResourcesBuildPhase;
			buildActionMask = 2147483647;
			files = (
			);
			runOnlyForDeploymentPostprocessing = 0;
		};
		874C64642A94F63C00D0185F /* Resources */ = {
			isa = PBXResourcesBuildPhase;
			buildActionMask = 2147483647;
			files = (
				874C64702A94F63D00D0185F /* Preview Assets.xcassets in Resources */,
				874C646D2A94F63D00D0185F /* Assets.xcassets in Resources */,
			);
			runOnlyForDeploymentPostprocessing = 0;
		};
		874C64732A94F63D00D0185F /* Resources */ = {
			isa = PBXResourcesBuildPhase;
			buildActionMask = 2147483647;
			files = (
			);
			runOnlyForDeploymentPostprocessing = 0;
		};
		874C647D2A94F63D00D0185F /* Resources */ = {
			isa = PBXResourcesBuildPhase;
			buildActionMask = 2147483647;
			files = (
			);
			runOnlyForDeploymentPostprocessing = 0;
		};
		874E1B722A93DF4E000AE0E4 /* Resources */ = {
			isa = PBXResourcesBuildPhase;
			buildActionMask = 2147483647;
			files = (
			);
			runOnlyForDeploymentPostprocessing = 0;
		};
/* End PBXResourcesBuildPhase section */

/* Begin PBXSourcesBuildPhase section */
		8704C4E52A90CDCE0076BB69 /* Sources */ = {
			isa = PBXSourcesBuildPhase;
			buildActionMask = 2147483647;
			files = (
				870B6FAA2A939FF700BE5B87 /* WeatherStore.swift in Sources */,
				8704C5172A9261C80076BB69 /* CurrentWeatherAPIDTO.swift in Sources */,
				870B6FA72A939EB300BE5B87 /* WeatherCache.swift in Sources */,
				870B6FAC2A93A04700BE5B87 /* CoreDataWeatherStore.swift in Sources */,
				8704C5062A9121250076BB69 /* RemoteWeatherFetcher.swift in Sources */,
				870B6FA12A92AC0500BE5B87 /* ForecastReducer.swift in Sources */,
				870B6FB42A93BAAF00BE5B87 /* CoreDataHelpers.swift in Sources */,
				874E1B842A9482BE000AE0E4 /* Coordinates.swift in Sources */,
				874E1B5F2A93D0F4000AE0E4 /* WeatherInformationMO+Mappings.swift in Sources */,
				870B6FAF2A93A0B500BE5B87 /* WeatherData.xcdatamodeld in Sources */,
				8704C5192A926CEE0076BB69 /* ForecastWeatherAPIDTO.swift in Sources */,
				8704C5032A911DEB0076BB69 /* WeatherInformation.swift in Sources */,
				870B6FB62A93C33400BE5B87 /* CoreDataWeatherStore+WeatherStore.swift in Sources */,
				874E1B802A93F8FB000AE0E4 /* WeatherRepository.swift in Sources */,
				8704C5082A9121F40076BB69 /* HTTPClient.swift in Sources */,
				8704C50F2A9129C30076BB69 /* WeatherAPIURLRequestBuilder.swift in Sources */,
			);
			runOnlyForDeploymentPostprocessing = 0;
		};
		8704C4ED2A90CDCE0076BB69 /* Sources */ = {
			isa = PBXSourcesBuildPhase;
			buildActionMask = 2147483647;
			files = (
				8704C4F72A90CDCE0076BB69 /* RemoteWeatherFetcherTests.swift in Sources */,
				8704C51C2A926EC20076BB69 /* WeatherInformationTests.swift in Sources */,
				8704C51E2A9271800076BB69 /* URLSessionHTTPClientTests.swift in Sources */,
				874E1B822A9405FB000AE0E4 /* WeatherRepositoryTests.swift in Sources */,
				870B6FA32A92AE4F00BE5B87 /* ForecastReducerTests.swift in Sources */,
				870B6FB22A93A35A00BE5B87 /* WeatherCacheTests.swift in Sources */,
				874E1B612A93D659000AE0E4 /* CoreDataWeatherStoreTests.swift in Sources */,
				8704C5142A9134D50076BB69 /* WeatherAPIURLRequestBuilderTests.swift in Sources */,
				8704C5122A91333A0076BB69 /* XCTestCase+Utils.swift in Sources */,
				874E1B862A948455000AE0E4 /* CoordinatesTests.swift in Sources */,
			);
			runOnlyForDeploymentPostprocessing = 0;
		};
		870B6F902A9286C800BE5B87 /* Sources */ = {
			isa = PBXSourcesBuildPhase;
			buildActionMask = 2147483647;
			files = (
				870B6F9E2A9287A500BE5B87 /* XCTestCase+Utils.swift in Sources */,
				870B6F972A9286C800BE5B87 /* WeatherAppEndToEndTests.swift in Sources */,
			);
			runOnlyForDeploymentPostprocessing = 0;
		};
		874C64622A94F63C00D0185F /* Sources */ = {
			isa = PBXSourcesBuildPhase;
			buildActionMask = 2147483647;
			files = (
				877D49E22A95188000AA41D3 /* MockLocationManager.swift in Sources */,
				874C646B2A94F63C00D0185F /* ContentView.swift in Sources */,
				877D49E02A9517CC00AA41D3 /* WeatherViewModel.swift in Sources */,
				874C64692A94F63C00D0185F /* WeatherApp_iOSApp.swift in Sources */,
				877D49DC2A950A4E00AA41D3 /* CLLocationManager+Utils.swift in Sources */,
			);
			runOnlyForDeploymentPostprocessing = 0;
		};
		874C64712A94F63D00D0185F /* Sources */ = {
			isa = PBXSourcesBuildPhase;
			buildActionMask = 2147483647;
			files = (
				877D49DE2A950F7D00AA41D3 /* XCTestCase+Utils.swift in Sources */,
				874C647A2A94F63D00D0185F /* WeatherViewModelTests.swift in Sources */,
			);
			runOnlyForDeploymentPostprocessing = 0;
		};
		874C647B2A94F63D00D0185F /* Sources */ = {
			isa = PBXSourcesBuildPhase;
			buildActionMask = 2147483647;
			files = (
				874C64842A94F63D00D0185F /* WeatherApp_iOSUITests.swift in Sources */,
				874C64862A94F63D00D0185F /* WeatherApp_iOSUITestsLaunchTests.swift in Sources */,
			);
			runOnlyForDeploymentPostprocessing = 0;
		};
		874E1B702A93DF4E000AE0E4 /* Sources */ = {
			isa = PBXSourcesBuildPhase;
			buildActionMask = 2147483647;
			files = (
				874E1B7E2A93DFF8000AE0E4 /* XCTestCase+Utils.swift in Sources */,
				874E1B772A93DF4E000AE0E4 /* WeatherAppCacheIntegrationTests.swift in Sources */,
			);
			runOnlyForDeploymentPostprocessing = 0;
		};
/* End PBXSourcesBuildPhase section */

/* Begin PBXTargetDependency section */
		8704C4F42A90CDCE0076BB69 /* PBXTargetDependency */ = {
			isa = PBXTargetDependency;
			target = 8704C4E82A90CDCE0076BB69 /* WeatherApp */;
			targetProxy = 8704C4F32A90CDCE0076BB69 /* PBXContainerItemProxy */;
		};
		870B6F9A2A9286C800BE5B87 /* PBXTargetDependency */ = {
			isa = PBXTargetDependency;
			target = 8704C4E82A90CDCE0076BB69 /* WeatherApp */;
			targetProxy = 870B6F992A9286C800BE5B87 /* PBXContainerItemProxy */;
		};
		874C64772A94F63D00D0185F /* PBXTargetDependency */ = {
			isa = PBXTargetDependency;
			target = 874C64652A94F63C00D0185F /* WeatherApp-iOS */;
			targetProxy = 874C64762A94F63D00D0185F /* PBXContainerItemProxy */;
		};
		874C64812A94F63D00D0185F /* PBXTargetDependency */ = {
			isa = PBXTargetDependency;
			target = 874C64652A94F63C00D0185F /* WeatherApp-iOS */;
			targetProxy = 874C64802A94F63D00D0185F /* PBXContainerItemProxy */;
		};
		874C64942A94FBA000D0185F /* PBXTargetDependency */ = {
			isa = PBXTargetDependency;
			target = 8704C4E82A90CDCE0076BB69 /* WeatherApp */;
			targetProxy = 874C64932A94FBA000D0185F /* PBXContainerItemProxy */;
		};
		874E1B7A2A93DF4E000AE0E4 /* PBXTargetDependency */ = {
			isa = PBXTargetDependency;
			target = 8704C4E82A90CDCE0076BB69 /* WeatherApp */;
			targetProxy = 874E1B792A93DF4E000AE0E4 /* PBXContainerItemProxy */;
		};
/* End PBXTargetDependency section */

/* Begin XCBuildConfiguration section */
		8704C4F92A90CDCE0076BB69 /* Debug */ = {
			isa = XCBuildConfiguration;
			buildSettings = {
				ALWAYS_SEARCH_USER_PATHS = NO;
				CLANG_ANALYZER_NONNULL = YES;
				CLANG_ANALYZER_NUMBER_OBJECT_CONVERSION = YES_AGGRESSIVE;
				CLANG_CXX_LANGUAGE_STANDARD = "gnu++20";
				CLANG_ENABLE_MODULES = YES;
				CLANG_ENABLE_OBJC_ARC = YES;
				CLANG_ENABLE_OBJC_WEAK = YES;
				CLANG_WARN_BLOCK_CAPTURE_AUTORELEASING = YES;
				CLANG_WARN_BOOL_CONVERSION = YES;
				CLANG_WARN_COMMA = YES;
				CLANG_WARN_CONSTANT_CONVERSION = YES;
				CLANG_WARN_DEPRECATED_OBJC_IMPLEMENTATIONS = YES;
				CLANG_WARN_DIRECT_OBJC_ISA_USAGE = YES_ERROR;
				CLANG_WARN_DOCUMENTATION_COMMENTS = YES;
				CLANG_WARN_EMPTY_BODY = YES;
				CLANG_WARN_ENUM_CONVERSION = YES;
				CLANG_WARN_INFINITE_RECURSION = YES;
				CLANG_WARN_INT_CONVERSION = YES;
				CLANG_WARN_NON_LITERAL_NULL_CONVERSION = YES;
				CLANG_WARN_OBJC_IMPLICIT_RETAIN_SELF = YES;
				CLANG_WARN_OBJC_LITERAL_CONVERSION = YES;
				CLANG_WARN_OBJC_ROOT_CLASS = YES_ERROR;
				CLANG_WARN_QUOTED_INCLUDE_IN_FRAMEWORK_HEADER = YES;
				CLANG_WARN_RANGE_LOOP_ANALYSIS = YES;
				CLANG_WARN_STRICT_PROTOTYPES = YES;
				CLANG_WARN_SUSPICIOUS_MOVE = YES;
				CLANG_WARN_UNGUARDED_AVAILABILITY = YES_AGGRESSIVE;
				CLANG_WARN_UNREACHABLE_CODE = YES;
				CLANG_WARN__DUPLICATE_METHOD_MATCH = YES;
				COPY_PHASE_STRIP = NO;
				CURRENT_PROJECT_VERSION = 1;
				DEBUG_INFORMATION_FORMAT = dwarf;
				ENABLE_STRICT_OBJC_MSGSEND = YES;
				ENABLE_TESTABILITY = YES;
				GCC_C_LANGUAGE_STANDARD = gnu11;
				GCC_DYNAMIC_NO_PIC = NO;
				GCC_NO_COMMON_BLOCKS = YES;
				GCC_OPTIMIZATION_LEVEL = 0;
				GCC_PREPROCESSOR_DEFINITIONS = (
					"DEBUG=1",
					"$(inherited)",
				);
				GCC_WARN_64_TO_32_BIT_CONVERSION = YES;
				GCC_WARN_ABOUT_RETURN_TYPE = YES_ERROR;
				GCC_WARN_UNDECLARED_SELECTOR = YES;
				GCC_WARN_UNINITIALIZED_AUTOS = YES_AGGRESSIVE;
				GCC_WARN_UNUSED_FUNCTION = YES;
				GCC_WARN_UNUSED_VARIABLE = YES;
				MACOSX_DEPLOYMENT_TARGET = 13.3;
				MTL_ENABLE_DEBUG_INFO = INCLUDE_SOURCE;
				MTL_FAST_MATH = YES;
				ONLY_ACTIVE_ARCH = YES;
				SDKROOT = macosx;
				SWIFT_ACTIVE_COMPILATION_CONDITIONS = DEBUG;
				SWIFT_OPTIMIZATION_LEVEL = "-Onone";
				VERSIONING_SYSTEM = "apple-generic";
				VERSION_INFO_PREFIX = "";
			};
			name = Debug;
		};
		8704C4FA2A90CDCE0076BB69 /* Release */ = {
			isa = XCBuildConfiguration;
			buildSettings = {
				ALWAYS_SEARCH_USER_PATHS = NO;
				CLANG_ANALYZER_NONNULL = YES;
				CLANG_ANALYZER_NUMBER_OBJECT_CONVERSION = YES_AGGRESSIVE;
				CLANG_CXX_LANGUAGE_STANDARD = "gnu++20";
				CLANG_ENABLE_MODULES = YES;
				CLANG_ENABLE_OBJC_ARC = YES;
				CLANG_ENABLE_OBJC_WEAK = YES;
				CLANG_WARN_BLOCK_CAPTURE_AUTORELEASING = YES;
				CLANG_WARN_BOOL_CONVERSION = YES;
				CLANG_WARN_COMMA = YES;
				CLANG_WARN_CONSTANT_CONVERSION = YES;
				CLANG_WARN_DEPRECATED_OBJC_IMPLEMENTATIONS = YES;
				CLANG_WARN_DIRECT_OBJC_ISA_USAGE = YES_ERROR;
				CLANG_WARN_DOCUMENTATION_COMMENTS = YES;
				CLANG_WARN_EMPTY_BODY = YES;
				CLANG_WARN_ENUM_CONVERSION = YES;
				CLANG_WARN_INFINITE_RECURSION = YES;
				CLANG_WARN_INT_CONVERSION = YES;
				CLANG_WARN_NON_LITERAL_NULL_CONVERSION = YES;
				CLANG_WARN_OBJC_IMPLICIT_RETAIN_SELF = YES;
				CLANG_WARN_OBJC_LITERAL_CONVERSION = YES;
				CLANG_WARN_OBJC_ROOT_CLASS = YES_ERROR;
				CLANG_WARN_QUOTED_INCLUDE_IN_FRAMEWORK_HEADER = YES;
				CLANG_WARN_RANGE_LOOP_ANALYSIS = YES;
				CLANG_WARN_STRICT_PROTOTYPES = YES;
				CLANG_WARN_SUSPICIOUS_MOVE = YES;
				CLANG_WARN_UNGUARDED_AVAILABILITY = YES_AGGRESSIVE;
				CLANG_WARN_UNREACHABLE_CODE = YES;
				CLANG_WARN__DUPLICATE_METHOD_MATCH = YES;
				COPY_PHASE_STRIP = NO;
				CURRENT_PROJECT_VERSION = 1;
				DEBUG_INFORMATION_FORMAT = "dwarf-with-dsym";
				ENABLE_NS_ASSERTIONS = NO;
				ENABLE_STRICT_OBJC_MSGSEND = YES;
				GCC_C_LANGUAGE_STANDARD = gnu11;
				GCC_NO_COMMON_BLOCKS = YES;
				GCC_WARN_64_TO_32_BIT_CONVERSION = YES;
				GCC_WARN_ABOUT_RETURN_TYPE = YES_ERROR;
				GCC_WARN_UNDECLARED_SELECTOR = YES;
				GCC_WARN_UNINITIALIZED_AUTOS = YES_AGGRESSIVE;
				GCC_WARN_UNUSED_FUNCTION = YES;
				GCC_WARN_UNUSED_VARIABLE = YES;
				MACOSX_DEPLOYMENT_TARGET = 13.3;
				MTL_ENABLE_DEBUG_INFO = NO;
				MTL_FAST_MATH = YES;
				SDKROOT = macosx;
				SWIFT_COMPILATION_MODE = wholemodule;
				SWIFT_OPTIMIZATION_LEVEL = "-O";
				VERSIONING_SYSTEM = "apple-generic";
				VERSION_INFO_PREFIX = "";
			};
			name = Release;
		};
		8704C4FC2A90CDCE0076BB69 /* Debug */ = {
			isa = XCBuildConfiguration;
			buildSettings = {
				CLANG_ENABLE_MODULES = YES;
				CODE_SIGN_STYLE = Automatic;
				COMBINE_HIDPI_IMAGES = YES;
				CURRENT_PROJECT_VERSION = 1;
				DEFINES_MODULE = YES;
				DEVELOPMENT_TEAM = F48VQGX2CM;
				DYLIB_COMPATIBILITY_VERSION = 1;
				DYLIB_CURRENT_VERSION = 1;
				DYLIB_INSTALL_NAME_BASE = "@rpath";
				ENABLE_MODULE_VERIFIER = YES;
				GENERATE_INFOPLIST_FILE = YES;
				INFOPLIST_KEY_NSHumanReadableCopyright = "";
				INSTALL_PATH = "$(LOCAL_LIBRARY_DIR)/Frameworks";
				LD_RUNPATH_SEARCH_PATHS = (
					"$(inherited)",
					"@executable_path/../Frameworks",
					"@loader_path/Frameworks",
				);
				MARKETING_VERSION = 1.0;
				MODULE_VERIFIER_SUPPORTED_LANGUAGES = "objective-c objective-c++";
				MODULE_VERIFIER_SUPPORTED_LANGUAGE_STANDARDS = "gnu11 gnu++20";
				PRODUCT_BUNDLE_IDENTIFIER = com.alexmotoc.WeatherApp;
				PRODUCT_NAME = "$(TARGET_NAME:c99extidentifier)";
				SKIP_INSTALL = YES;
				SUPPORTED_PLATFORMS = "iphoneos iphonesimulator macosx";
				SUPPORTS_MACCATALYST = YES;
				SUPPORTS_MAC_DESIGNED_FOR_IPHONE_IPAD = YES;
				SWIFT_EMIT_LOC_STRINGS = YES;
				SWIFT_OPTIMIZATION_LEVEL = "-Onone";
				SWIFT_VERSION = 5.0;
				TARGETED_DEVICE_FAMILY = "1,2";
			};
			name = Debug;
		};
		8704C4FD2A90CDCE0076BB69 /* Release */ = {
			isa = XCBuildConfiguration;
			buildSettings = {
				CLANG_ENABLE_MODULES = YES;
				CODE_SIGN_STYLE = Automatic;
				COMBINE_HIDPI_IMAGES = YES;
				CURRENT_PROJECT_VERSION = 1;
				DEFINES_MODULE = YES;
				DEVELOPMENT_TEAM = F48VQGX2CM;
				DYLIB_COMPATIBILITY_VERSION = 1;
				DYLIB_CURRENT_VERSION = 1;
				DYLIB_INSTALL_NAME_BASE = "@rpath";
				ENABLE_MODULE_VERIFIER = YES;
				GENERATE_INFOPLIST_FILE = YES;
				INFOPLIST_KEY_NSHumanReadableCopyright = "";
				INSTALL_PATH = "$(LOCAL_LIBRARY_DIR)/Frameworks";
				LD_RUNPATH_SEARCH_PATHS = (
					"$(inherited)",
					"@executable_path/../Frameworks",
					"@loader_path/Frameworks",
				);
				MARKETING_VERSION = 1.0;
				MODULE_VERIFIER_SUPPORTED_LANGUAGES = "objective-c objective-c++";
				MODULE_VERIFIER_SUPPORTED_LANGUAGE_STANDARDS = "gnu11 gnu++20";
				PRODUCT_BUNDLE_IDENTIFIER = com.alexmotoc.WeatherApp;
				PRODUCT_NAME = "$(TARGET_NAME:c99extidentifier)";
				SKIP_INSTALL = YES;
				SUPPORTED_PLATFORMS = "iphoneos iphonesimulator macosx";
				SUPPORTS_MACCATALYST = YES;
				SUPPORTS_MAC_DESIGNED_FOR_IPHONE_IPAD = YES;
				SWIFT_EMIT_LOC_STRINGS = YES;
				SWIFT_VERSION = 5.0;
				TARGETED_DEVICE_FAMILY = "1,2";
			};
			name = Release;
		};
		8704C4FF2A90CDCE0076BB69 /* Debug */ = {
			isa = XCBuildConfiguration;
			buildSettings = {
				ALWAYS_EMBED_SWIFT_STANDARD_LIBRARIES = YES;
				CODE_SIGN_STYLE = Automatic;
				CURRENT_PROJECT_VERSION = 1;
				DEVELOPMENT_TEAM = F48VQGX2CM;
				GENERATE_INFOPLIST_FILE = YES;
				MARKETING_VERSION = 1.0;
				PRODUCT_BUNDLE_IDENTIFIER = com.alexmotoc.WeatherAppTests;
				PRODUCT_NAME = "$(TARGET_NAME)";
				SWIFT_EMIT_LOC_STRINGS = NO;
				SWIFT_VERSION = 5.0;
			};
			name = Debug;
		};
		8704C5002A90CDCE0076BB69 /* Release */ = {
			isa = XCBuildConfiguration;
			buildSettings = {
				ALWAYS_EMBED_SWIFT_STANDARD_LIBRARIES = YES;
				CODE_SIGN_STYLE = Automatic;
				CURRENT_PROJECT_VERSION = 1;
				DEVELOPMENT_TEAM = F48VQGX2CM;
				GENERATE_INFOPLIST_FILE = YES;
				MARKETING_VERSION = 1.0;
				PRODUCT_BUNDLE_IDENTIFIER = com.alexmotoc.WeatherAppTests;
				PRODUCT_NAME = "$(TARGET_NAME)";
				SWIFT_EMIT_LOC_STRINGS = NO;
				SWIFT_VERSION = 5.0;
			};
			name = Release;
		};
		870B6F9B2A9286C800BE5B87 /* Debug */ = {
			isa = XCBuildConfiguration;
			buildSettings = {
				CODE_SIGN_STYLE = Automatic;
				CURRENT_PROJECT_VERSION = 1;
				DEVELOPMENT_TEAM = F48VQGX2CM;
				GENERATE_INFOPLIST_FILE = YES;
				MARKETING_VERSION = 1.0;
				PRODUCT_BUNDLE_IDENTIFIER = com.alexmotoc.WeatherAppEndToEndTests;
				PRODUCT_NAME = "$(TARGET_NAME)";
				SWIFT_EMIT_LOC_STRINGS = NO;
				SWIFT_VERSION = 5.0;
			};
			name = Debug;
		};
		870B6F9C2A9286C800BE5B87 /* Release */ = {
			isa = XCBuildConfiguration;
			buildSettings = {
				CODE_SIGN_STYLE = Automatic;
				CURRENT_PROJECT_VERSION = 1;
				DEVELOPMENT_TEAM = F48VQGX2CM;
				GENERATE_INFOPLIST_FILE = YES;
				MARKETING_VERSION = 1.0;
				PRODUCT_BUNDLE_IDENTIFIER = com.alexmotoc.WeatherAppEndToEndTests;
				PRODUCT_NAME = "$(TARGET_NAME)";
				SWIFT_EMIT_LOC_STRINGS = NO;
				SWIFT_VERSION = 5.0;
			};
			name = Release;
		};
		874C64872A94F63D00D0185F /* Debug */ = {
			isa = XCBuildConfiguration;
			buildSettings = {
				ASSETCATALOG_COMPILER_APPICON_NAME = AppIcon;
				ASSETCATALOG_COMPILER_GLOBAL_ACCENT_COLOR_NAME = AccentColor;
				CODE_SIGN_STYLE = Automatic;
				CURRENT_PROJECT_VERSION = 1;
				DEVELOPMENT_ASSET_PATHS = "\"WeatherApp-iOS/Preview Content\"";
				DEVELOPMENT_TEAM = F48VQGX2CM;
				ENABLE_PREVIEWS = YES;
				FRAMEWORK_SEARCH_PATHS = "";
				GENERATE_INFOPLIST_FILE = YES;
				INFOPLIST_KEY_CFBundleDisplayName = "DVT Weather";
				INFOPLIST_KEY_UIApplicationSceneManifest_Generation = YES;
				INFOPLIST_KEY_UIApplicationSupportsIndirectInputEvents = YES;
				INFOPLIST_KEY_UILaunchScreen_Generation = YES;
				INFOPLIST_KEY_UISupportedInterfaceOrientations_iPad = "UIInterfaceOrientationPortrait UIInterfaceOrientationPortraitUpsideDown UIInterfaceOrientationLandscapeLeft UIInterfaceOrientationLandscapeRight";
				INFOPLIST_KEY_UISupportedInterfaceOrientations_iPhone = "UIInterfaceOrientationPortrait UIInterfaceOrientationLandscapeLeft UIInterfaceOrientationLandscapeRight";
				IPHONEOS_DEPLOYMENT_TARGET = 16.4;
				LD_RUNPATH_SEARCH_PATHS = (
					"$(inherited)",
					"@executable_path/Frameworks",
				);
				MARKETING_VERSION = 1.0;
				PRODUCT_BUNDLE_IDENTIFIER = "com.alexmotoc.WeatherApp-iOS";
				PRODUCT_NAME = "$(TARGET_NAME)";
				SDKROOT = iphoneos;
				SWIFT_EMIT_LOC_STRINGS = YES;
				SWIFT_VERSION = 5.0;
				TARGETED_DEVICE_FAMILY = "1,2";
			};
			name = Debug;
		};
		874C64882A94F63D00D0185F /* Release */ = {
			isa = XCBuildConfiguration;
			buildSettings = {
				ASSETCATALOG_COMPILER_APPICON_NAME = AppIcon;
				ASSETCATALOG_COMPILER_GLOBAL_ACCENT_COLOR_NAME = AccentColor;
				CODE_SIGN_STYLE = Automatic;
				CURRENT_PROJECT_VERSION = 1;
				DEVELOPMENT_ASSET_PATHS = "\"WeatherApp-iOS/Preview Content\"";
				DEVELOPMENT_TEAM = F48VQGX2CM;
				ENABLE_PREVIEWS = YES;
				FRAMEWORK_SEARCH_PATHS = "";
				GENERATE_INFOPLIST_FILE = YES;
				INFOPLIST_KEY_CFBundleDisplayName = "DVT Weather";
				INFOPLIST_KEY_UIApplicationSceneManifest_Generation = YES;
				INFOPLIST_KEY_UIApplicationSupportsIndirectInputEvents = YES;
				INFOPLIST_KEY_UILaunchScreen_Generation = YES;
				INFOPLIST_KEY_UISupportedInterfaceOrientations_iPad = "UIInterfaceOrientationPortrait UIInterfaceOrientationPortraitUpsideDown UIInterfaceOrientationLandscapeLeft UIInterfaceOrientationLandscapeRight";
				INFOPLIST_KEY_UISupportedInterfaceOrientations_iPhone = "UIInterfaceOrientationPortrait UIInterfaceOrientationLandscapeLeft UIInterfaceOrientationLandscapeRight";
				IPHONEOS_DEPLOYMENT_TARGET = 16.4;
				LD_RUNPATH_SEARCH_PATHS = (
					"$(inherited)",
					"@executable_path/Frameworks",
				);
				MARKETING_VERSION = 1.0;
				PRODUCT_BUNDLE_IDENTIFIER = "com.alexmotoc.WeatherApp-iOS";
				PRODUCT_NAME = "$(TARGET_NAME)";
				SDKROOT = iphoneos;
				SWIFT_EMIT_LOC_STRINGS = YES;
				SWIFT_VERSION = 5.0;
				TARGETED_DEVICE_FAMILY = "1,2";
				VALIDATE_PRODUCT = YES;
			};
			name = Release;
		};
		874C64892A94F63D00D0185F /* Debug */ = {
			isa = XCBuildConfiguration;
			buildSettings = {
				ALWAYS_EMBED_SWIFT_STANDARD_LIBRARIES = YES;
				BUNDLE_LOADER = "$(TEST_HOST)";
				CODE_SIGN_STYLE = Automatic;
				CURRENT_PROJECT_VERSION = 1;
				DEVELOPMENT_TEAM = F48VQGX2CM;
				GENERATE_INFOPLIST_FILE = YES;
				IPHONEOS_DEPLOYMENT_TARGET = 16.4;
				MARKETING_VERSION = 1.0;
				PRODUCT_BUNDLE_IDENTIFIER = "com.alexmotoc.WeatherApp-iOSTests";
				PRODUCT_NAME = "$(TARGET_NAME)";
				SDKROOT = iphoneos;
				SWIFT_EMIT_LOC_STRINGS = NO;
				SWIFT_VERSION = 5.0;
				TARGETED_DEVICE_FAMILY = "1,2";
				TEST_HOST = "$(BUILT_PRODUCTS_DIR)/WeatherApp-iOS.app/$(BUNDLE_EXECUTABLE_FOLDER_PATH)/WeatherApp-iOS";
			};
			name = Debug;
		};
		874C648A2A94F63D00D0185F /* Release */ = {
			isa = XCBuildConfiguration;
			buildSettings = {
				ALWAYS_EMBED_SWIFT_STANDARD_LIBRARIES = YES;
				BUNDLE_LOADER = "$(TEST_HOST)";
				CODE_SIGN_STYLE = Automatic;
				CURRENT_PROJECT_VERSION = 1;
				DEVELOPMENT_TEAM = F48VQGX2CM;
				GENERATE_INFOPLIST_FILE = YES;
				IPHONEOS_DEPLOYMENT_TARGET = 16.4;
				MARKETING_VERSION = 1.0;
				PRODUCT_BUNDLE_IDENTIFIER = "com.alexmotoc.WeatherApp-iOSTests";
				PRODUCT_NAME = "$(TARGET_NAME)";
				SDKROOT = iphoneos;
				SWIFT_EMIT_LOC_STRINGS = NO;
				SWIFT_VERSION = 5.0;
				TARGETED_DEVICE_FAMILY = "1,2";
				TEST_HOST = "$(BUILT_PRODUCTS_DIR)/WeatherApp-iOS.app/$(BUNDLE_EXECUTABLE_FOLDER_PATH)/WeatherApp-iOS";
				VALIDATE_PRODUCT = YES;
			};
			name = Release;
		};
		874C648B2A94F63D00D0185F /* Debug */ = {
			isa = XCBuildConfiguration;
			buildSettings = {
				ALWAYS_EMBED_SWIFT_STANDARD_LIBRARIES = YES;
				CODE_SIGN_STYLE = Automatic;
				CURRENT_PROJECT_VERSION = 1;
				DEVELOPMENT_TEAM = F48VQGX2CM;
				GENERATE_INFOPLIST_FILE = YES;
				IPHONEOS_DEPLOYMENT_TARGET = 16.4;
				MARKETING_VERSION = 1.0;
				PRODUCT_BUNDLE_IDENTIFIER = "com.alexmotoc.WeatherApp-iOSUITests";
				PRODUCT_NAME = "$(TARGET_NAME)";
				SDKROOT = iphoneos;
				SWIFT_EMIT_LOC_STRINGS = NO;
				SWIFT_VERSION = 5.0;
				TARGETED_DEVICE_FAMILY = "1,2";
				TEST_TARGET_NAME = "WeatherApp-iOS";
			};
			name = Debug;
		};
		874C648C2A94F63D00D0185F /* Release */ = {
			isa = XCBuildConfiguration;
			buildSettings = {
				ALWAYS_EMBED_SWIFT_STANDARD_LIBRARIES = YES;
				CODE_SIGN_STYLE = Automatic;
				CURRENT_PROJECT_VERSION = 1;
				DEVELOPMENT_TEAM = F48VQGX2CM;
				GENERATE_INFOPLIST_FILE = YES;
				IPHONEOS_DEPLOYMENT_TARGET = 16.4;
				MARKETING_VERSION = 1.0;
				PRODUCT_BUNDLE_IDENTIFIER = "com.alexmotoc.WeatherApp-iOSUITests";
				PRODUCT_NAME = "$(TARGET_NAME)";
				SDKROOT = iphoneos;
				SWIFT_EMIT_LOC_STRINGS = NO;
				SWIFT_VERSION = 5.0;
				TARGETED_DEVICE_FAMILY = "1,2";
				TEST_TARGET_NAME = "WeatherApp-iOS";
				VALIDATE_PRODUCT = YES;
			};
			name = Release;
		};
		874E1B7C2A93DF4E000AE0E4 /* Debug */ = {
			isa = XCBuildConfiguration;
			buildSettings = {
				CODE_SIGN_STYLE = Automatic;
				CURRENT_PROJECT_VERSION = 1;
				DEVELOPMENT_TEAM = F48VQGX2CM;
				GENERATE_INFOPLIST_FILE = YES;
				MARKETING_VERSION = 1.0;
				PRODUCT_BUNDLE_IDENTIFIER = com.alexmotoc.WeatherAppCacheIntegrationTests;
				PRODUCT_NAME = "$(TARGET_NAME)";
				SWIFT_EMIT_LOC_STRINGS = NO;
				SWIFT_VERSION = 5.0;
			};
			name = Debug;
		};
		874E1B7D2A93DF4E000AE0E4 /* Release */ = {
			isa = XCBuildConfiguration;
			buildSettings = {
				CODE_SIGN_STYLE = Automatic;
				CURRENT_PROJECT_VERSION = 1;
				DEVELOPMENT_TEAM = F48VQGX2CM;
				GENERATE_INFOPLIST_FILE = YES;
				MARKETING_VERSION = 1.0;
				PRODUCT_BUNDLE_IDENTIFIER = com.alexmotoc.WeatherAppCacheIntegrationTests;
				PRODUCT_NAME = "$(TARGET_NAME)";
				SWIFT_EMIT_LOC_STRINGS = NO;
				SWIFT_VERSION = 5.0;
			};
			name = Release;
		};
/* End XCBuildConfiguration section */

/* Begin XCConfigurationList section */
		8704C4E32A90CDCE0076BB69 /* Build configuration list for PBXProject "WeatherApp" */ = {
			isa = XCConfigurationList;
			buildConfigurations = (
				8704C4F92A90CDCE0076BB69 /* Debug */,
				8704C4FA2A90CDCE0076BB69 /* Release */,
			);
			defaultConfigurationIsVisible = 0;
			defaultConfigurationName = Release;
		};
		8704C4FB2A90CDCE0076BB69 /* Build configuration list for PBXNativeTarget "WeatherApp" */ = {
			isa = XCConfigurationList;
			buildConfigurations = (
				8704C4FC2A90CDCE0076BB69 /* Debug */,
				8704C4FD2A90CDCE0076BB69 /* Release */,
			);
			defaultConfigurationIsVisible = 0;
			defaultConfigurationName = Release;
		};
		8704C4FE2A90CDCE0076BB69 /* Build configuration list for PBXNativeTarget "WeatherAppTests" */ = {
			isa = XCConfigurationList;
			buildConfigurations = (
				8704C4FF2A90CDCE0076BB69 /* Debug */,
				8704C5002A90CDCE0076BB69 /* Release */,
			);
			defaultConfigurationIsVisible = 0;
			defaultConfigurationName = Release;
		};
		870B6F9D2A9286C800BE5B87 /* Build configuration list for PBXNativeTarget "WeatherAppEndToEndTests" */ = {
			isa = XCConfigurationList;
			buildConfigurations = (
				870B6F9B2A9286C800BE5B87 /* Debug */,
				870B6F9C2A9286C800BE5B87 /* Release */,
			);
			defaultConfigurationIsVisible = 0;
			defaultConfigurationName = Release;
		};
		874C648D2A94F63D00D0185F /* Build configuration list for PBXNativeTarget "WeatherApp-iOS" */ = {
			isa = XCConfigurationList;
			buildConfigurations = (
				874C64872A94F63D00D0185F /* Debug */,
				874C64882A94F63D00D0185F /* Release */,
			);
			defaultConfigurationIsVisible = 0;
			defaultConfigurationName = Release;
		};
		874C648E2A94F63D00D0185F /* Build configuration list for PBXNativeTarget "WeatherApp-iOSTests" */ = {
			isa = XCConfigurationList;
			buildConfigurations = (
				874C64892A94F63D00D0185F /* Debug */,
				874C648A2A94F63D00D0185F /* Release */,
			);
			defaultConfigurationIsVisible = 0;
			defaultConfigurationName = Release;
		};
		874C648F2A94F63D00D0185F /* Build configuration list for PBXNativeTarget "WeatherApp-iOSUITests" */ = {
			isa = XCConfigurationList;
			buildConfigurations = (
				874C648B2A94F63D00D0185F /* Debug */,
				874C648C2A94F63D00D0185F /* Release */,
			);
			defaultConfigurationIsVisible = 0;
			defaultConfigurationName = Release;
		};
		874E1B7B2A93DF4E000AE0E4 /* Build configuration list for PBXNativeTarget "WeatherAppCacheIntegrationTests" */ = {
			isa = XCConfigurationList;
			buildConfigurations = (
				874E1B7C2A93DF4E000AE0E4 /* Debug */,
				874E1B7D2A93DF4E000AE0E4 /* Release */,
			);
			defaultConfigurationIsVisible = 0;
			defaultConfigurationName = Release;
		};
/* End XCConfigurationList section */

/* Begin XCVersionGroup section */
		870B6FAD2A93A0B500BE5B87 /* WeatherData.xcdatamodeld */ = {
			isa = XCVersionGroup;
			children = (
				870B6FAE2A93A0B500BE5B87 /* WeatherData.xcdatamodel */,
			);
			currentVersion = 870B6FAE2A93A0B500BE5B87 /* WeatherData.xcdatamodel */;
			path = WeatherData.xcdatamodeld;
			sourceTree = "<group>";
			versionGroupType = wrapper.xcdatamodel;
		};
/* End XCVersionGroup section */
	};
	rootObject = 8704C4E02A90CDCE0076BB69 /* Project object */;
}
